// !$*UTF8*$!
{
	archiveVersion = 1;
	classes = {
	};
	objectVersion = 46;
	objects = {

/* Begin PBXBuildFile section */
		36F578FCD74E4933B46B3C31 /* libPods-Location Example.a in Frameworks */ = {isa = PBXBuildFile; fileRef = CFC336CB08B941FCB3908145 /* libPods-Location Example.a */; };
		6AD8F3C619AD104900FB466A /* AppDelegate.swift in Sources */ = {isa = PBXBuildFile; fileRef = 6AD8F3C519AD104900FB466A /* AppDelegate.swift */; };
		6AD8F3C819AD104900FB466A /* ViewController.swift in Sources */ = {isa = PBXBuildFile; fileRef = 6AD8F3C719AD104900FB466A /* ViewController.swift */; };
		6AD8F3CB19AD104900FB466A /* Main.storyboard in Resources */ = {isa = PBXBuildFile; fileRef = 6AD8F3C919AD104900FB466A /* Main.storyboard */; };
		6AD8F3CD19AD104900FB466A /* Images.xcassets in Resources */ = {isa = PBXBuildFile; fileRef = 6AD8F3CC19AD104900FB466A /* Images.xcassets */; };
		6AD8F3D919AD104A00FB466A /* Location_ExampleTests.swift in Sources */ = {isa = PBXBuildFile; fileRef = 6AD8F3D819AD104A00FB466A /* Location_ExampleTests.swift */; };
		6AD8F3E319AD162A00FB466A /* CoreLocation.framework in Frameworks */ = {isa = PBXBuildFile; fileRef = 6AD8F3E219AD162A00FB466A /* CoreLocation.framework */; };
		C4AA0A8319C7B73200859C5A /* MapKit.framework in Frameworks */ = {isa = PBXBuildFile; fileRef = C4AA0A8219C7B73200859C5A /* MapKit.framework */; };
		C4EA99C019C9086D00B6F21F /* Alamofire.framework in Frameworks */ = {isa = PBXBuildFile; fileRef = C459492A19C907D200B694B0 /* Alamofire.framework */; };
/* End PBXBuildFile section */

/* Begin PBXContainerItemProxy section */
		6AD8F3D319AD104A00FB466A /* PBXContainerItemProxy */ = {
			isa = PBXContainerItemProxy;
			containerPortal = 6AD8F3B819AD104800FB466A /* Project object */;
			proxyType = 1;
			remoteGlobalIDString = 6AD8F3BF19AD104900FB466A;
			remoteInfo = "Location Example";
		};
		C459492919C907D200B694B0 /* PBXContainerItemProxy */ = {
			isa = PBXContainerItemProxy;
			containerPortal = C459492419C907D200B694B0 /* Alamofire.xcodeproj */;
			proxyType = 2;
			remoteGlobalIDString = F8111E3319A95C8B0040E7D1;
			remoteInfo = Alamofire;
		};
		C459492B19C907D200B694B0 /* PBXContainerItemProxy */ = {
			isa = PBXContainerItemProxy;
			containerPortal = C459492419C907D200B694B0 /* Alamofire.xcodeproj */;
			proxyType = 2;
			remoteGlobalIDString = F8111E3E19A95C8B0040E7D1;
			remoteInfo = AlamofireTests;
		};
/* End PBXContainerItemProxy section */

/* Begin PBXFileReference section */
		6AD8F3C019AD104900FB466A /* Location Example.app */ = {isa = PBXFileReference; explicitFileType = wrapper.application; includeInIndex = 0; path = "Location Example.app"; sourceTree = BUILT_PRODUCTS_DIR; };
		6AD8F3C419AD104900FB466A /* Info.plist */ = {isa = PBXFileReference; lastKnownFileType = text.plist.xml; path = Info.plist; sourceTree = "<group>"; };
		6AD8F3C519AD104900FB466A /* AppDelegate.swift */ = {isa = PBXFileReference; lastKnownFileType = sourcecode.swift; path = AppDelegate.swift; sourceTree = "<group>"; };
		6AD8F3C719AD104900FB466A /* ViewController.swift */ = {isa = PBXFileReference; lastKnownFileType = sourcecode.swift; path = ViewController.swift; sourceTree = "<group>"; };
		6AD8F3CA19AD104900FB466A /* Base */ = {isa = PBXFileReference; lastKnownFileType = file.storyboard; name = Base; path = Base.lproj/Main.storyboard; sourceTree = "<group>"; };
		6AD8F3CC19AD104900FB466A /* Images.xcassets */ = {isa = PBXFileReference; lastKnownFileType = folder.assetcatalog; path = Images.xcassets; sourceTree = "<group>"; };
		6AD8F3D219AD104A00FB466A /* Location ExampleTests.xctest */ = {isa = PBXFileReference; explicitFileType = wrapper.cfbundle; includeInIndex = 0; path = "Location ExampleTests.xctest"; sourceTree = BUILT_PRODUCTS_DIR; };
		6AD8F3D719AD104A00FB466A /* Info.plist */ = {isa = PBXFileReference; lastKnownFileType = text.plist.xml; path = Info.plist; sourceTree = "<group>"; };
		6AD8F3D819AD104A00FB466A /* Location_ExampleTests.swift */ = {isa = PBXFileReference; lastKnownFileType = sourcecode.swift; path = Location_ExampleTests.swift; sourceTree = "<group>"; };
		6AD8F3E219AD162A00FB466A /* CoreLocation.framework */ = {isa = PBXFileReference; lastKnownFileType = wrapper.framework; name = CoreLocation.framework; path = System/Library/Frameworks/CoreLocation.framework; sourceTree = SDKROOT; };
		B4FCD4BF20904B9B8C20DD5A /* Pods-Location Example.xcconfig */ = {isa = PBXFileReference; includeInIndex = 1; lastKnownFileType = text.xcconfig; name = "Pods-Location Example.xcconfig"; path = "Pods/Pods-Location Example.xcconfig"; sourceTree = "<group>"; };
		C459492419C907D200B694B0 /* Alamofire.xcodeproj */ = {isa = PBXFileReference; lastKnownFileType = "wrapper.pb-project"; name = Alamofire.xcodeproj; path = Alamofire/Alamofire.xcodeproj; sourceTree = "<group>"; };
		C4AA0A8219C7B73200859C5A /* MapKit.framework */ = {isa = PBXFileReference; lastKnownFileType = wrapper.framework; name = MapKit.framework; path = System/Library/Frameworks/MapKit.framework; sourceTree = SDKROOT; };
		CFC336CB08B941FCB3908145 /* libPods-Location Example.a */ = {isa = PBXFileReference; explicitFileType = archive.ar; includeInIndex = 0; path = "libPods-Location Example.a"; sourceTree = BUILT_PRODUCTS_DIR; };
/* End PBXFileReference section */

/* Begin PBXFrameworksBuildPhase section */
		6AD8F3BD19AD104900FB466A /* Frameworks */ = {
			isa = PBXFrameworksBuildPhase;
			buildActionMask = 2147483647;
			files = (
				C4EA99C019C9086D00B6F21F /* Alamofire.framework in Frameworks */,
				C4AA0A8319C7B73200859C5A /* MapKit.framework in Frameworks */,
				6AD8F3E319AD162A00FB466A /* CoreLocation.framework in Frameworks */,
				36F578FCD74E4933B46B3C31 /* libPods-Location Example.a in Frameworks */,
			);
			runOnlyForDeploymentPostprocessing = 0;
		};
		6AD8F3CF19AD104A00FB466A /* Frameworks */ = {
			isa = PBXFrameworksBuildPhase;
			buildActionMask = 2147483647;
			files = (
			);
			runOnlyForDeploymentPostprocessing = 0;
		};
/* End PBXFrameworksBuildPhase section */

/* Begin PBXGroup section */
		5641FFC3D6FC4E65B09908FC /* Frameworks */ = {
			isa = PBXGroup;
			children = (
				CFC336CB08B941FCB3908145 /* libPods-Location Example.a */,
			);
			name = Frameworks;
			sourceTree = "<group>";
		};
		6AD8F3B719AD104800FB466A = {
			isa = PBXGroup;
			children = (
				C459492419C907D200B694B0 /* Alamofire.xcodeproj */,
				C4AA0A8219C7B73200859C5A /* MapKit.framework */,
				6AD8F3E219AD162A00FB466A /* CoreLocation.framework */,
				6AD8F3C219AD104900FB466A /* Location Example */,
				6AD8F3D519AD104A00FB466A /* Location ExampleTests */,
				6AD8F3C119AD104900FB466A /* Products */,
				B4FCD4BF20904B9B8C20DD5A /* Pods-Location Example.xcconfig */,
				5641FFC3D6FC4E65B09908FC /* Frameworks */,
			);
			sourceTree = "<group>";
		};
		6AD8F3C119AD104900FB466A /* Products */ = {
			isa = PBXGroup;
			children = (
				6AD8F3C019AD104900FB466A /* Location Example.app */,
				6AD8F3D219AD104A00FB466A /* Location ExampleTests.xctest */,
			);
			name = Products;
			sourceTree = "<group>";
		};
		6AD8F3C219AD104900FB466A /* Location Example */ = {
			isa = PBXGroup;
			children = (
				6AD8F3C519AD104900FB466A /* AppDelegate.swift */,
				6AD8F3C719AD104900FB466A /* ViewController.swift */,
				6AD8F3C919AD104900FB466A /* Main.storyboard */,
				6AD8F3CC19AD104900FB466A /* Images.xcassets */,
				6AD8F3C319AD104900FB466A /* Supporting Files */,
			);
			path = "Location Example";
			sourceTree = "<group>";
		};
		6AD8F3C319AD104900FB466A /* Supporting Files */ = {
			isa = PBXGroup;
			children = (
				6AD8F3C419AD104900FB466A /* Info.plist */,
			);
			name = "Supporting Files";
			sourceTree = "<group>";
		};
		6AD8F3D519AD104A00FB466A /* Location ExampleTests */ = {
			isa = PBXGroup;
			children = (
				6AD8F3D819AD104A00FB466A /* Location_ExampleTests.swift */,
				6AD8F3D619AD104A00FB466A /* Supporting Files */,
			);
			path = "Location ExampleTests";
			sourceTree = "<group>";
		};
		6AD8F3D619AD104A00FB466A /* Supporting Files */ = {
			isa = PBXGroup;
			children = (
				6AD8F3D719AD104A00FB466A /* Info.plist */,
			);
			name = "Supporting Files";
			sourceTree = "<group>";
		};
		C459492519C907D200B694B0 /* Products */ = {
			isa = PBXGroup;
			children = (
				C459492A19C907D200B694B0 /* Alamofire.framework */,
				C459492C19C907D200B694B0 /* AlamofireTests.xctest */,
			);
			name = Products;
			sourceTree = "<group>";
		};
/* End PBXGroup section */

/* Begin PBXNativeTarget section */
		6AD8F3BF19AD104900FB466A /* Location Example */ = {
			isa = PBXNativeTarget;
			buildConfigurationList = 6AD8F3DC19AD104A00FB466A /* Build configuration list for PBXNativeTarget "Location Example" */;
			buildPhases = (
				DD3B145EF35246A2A62E7146 /* Check Pods Manifest.lock */,
				6AD8F3BC19AD104900FB466A /* Sources */,
				6AD8F3BD19AD104900FB466A /* Frameworks */,
				6AD8F3BE19AD104900FB466A /* Resources */,
				E2DAA7FCB1DA4044B45E1BEA /* Copy Pods Resources */,
			);
			buildRules = (
			);
			dependencies = (
			);
			name = "Location Example";
			productName = "Location Example";
			productReference = 6AD8F3C019AD104900FB466A /* Location Example.app */;
			productType = "com.apple.product-type.application";
		};
		6AD8F3D119AD104A00FB466A /* Location ExampleTests */ = {
			isa = PBXNativeTarget;
			buildConfigurationList = 6AD8F3DF19AD104A00FB466A /* Build configuration list for PBXNativeTarget "Location ExampleTests" */;
			buildPhases = (
				6AD8F3CE19AD104A00FB466A /* Sources */,
				6AD8F3CF19AD104A00FB466A /* Frameworks */,
				6AD8F3D019AD104A00FB466A /* Resources */,
			);
			buildRules = (
			);
			dependencies = (
				6AD8F3D419AD104A00FB466A /* PBXTargetDependency */,
			);
			name = "Location ExampleTests";
			productName = "Location ExampleTests";
			productReference = 6AD8F3D219AD104A00FB466A /* Location ExampleTests.xctest */;
			productType = "com.apple.product-type.bundle.unit-test";
		};
/* End PBXNativeTarget section */

/* Begin PBXProject section */
		6AD8F3B819AD104800FB466A /* Project object */ = {
			isa = PBXProject;
			attributes = {
				LastUpgradeCheck = 0600;
				ORGANIZATIONNAME = "Sumeet Sharma";
				TargetAttributes = {
					6AD8F3BF19AD104900FB466A = {
						CreatedOnToolsVersion = 6.0;
					};
					6AD8F3D119AD104A00FB466A = {
						CreatedOnToolsVersion = 6.0;
						TestTargetID = 6AD8F3BF19AD104900FB466A;
					};
				};
			};
			buildConfigurationList = 6AD8F3BB19AD104800FB466A /* Build configuration list for PBXProject "Location Example" */;
			compatibilityVersion = "Xcode 3.2";
			developmentRegion = English;
			hasScannedForEncodings = 0;
			knownRegions = (
				en,
				Base,
			);
			mainGroup = 6AD8F3B719AD104800FB466A;
			productRefGroup = 6AD8F3C119AD104900FB466A /* Products */;
			projectDirPath = "";
			projectReferences = (
				{
					ProductGroup = C459492519C907D200B694B0 /* Products */;
					ProjectRef = C459492419C907D200B694B0 /* Alamofire.xcodeproj */;
				},
			);
			projectRoot = "";
			targets = (
				6AD8F3BF19AD104900FB466A /* Location Example */,
				6AD8F3D119AD104A00FB466A /* Location ExampleTests */,
			);
		};
/* End PBXProject section */

/* Begin PBXReferenceProxy section */
		C459492A19C907D200B694B0 /* Alamofire.framework */ = {
			isa = PBXReferenceProxy;
			fileType = wrapper.framework;
			path = Alamofire.framework;
			remoteRef = C459492919C907D200B694B0 /* PBXContainerItemProxy */;
			sourceTree = BUILT_PRODUCTS_DIR;
		};
		C459492C19C907D200B694B0 /* AlamofireTests.xctest */ = {
			isa = PBXReferenceProxy;
			fileType = wrapper.cfbundle;
			path = AlamofireTests.xctest;
			remoteRef = C459492B19C907D200B694B0 /* PBXContainerItemProxy */;
			sourceTree = BUILT_PRODUCTS_DIR;
		};
/* End PBXReferenceProxy section */

/* Begin PBXResourcesBuildPhase section */
		6AD8F3BE19AD104900FB466A /* Resources */ = {
			isa = PBXResourcesBuildPhase;
			buildActionMask = 2147483647;
			files = (
				6AD8F3CB19AD104900FB466A /* Main.storyboard in Resources */,
				6AD8F3CD19AD104900FB466A /* Images.xcassets in Resources */,
			);
			runOnlyForDeploymentPostprocessing = 0;
		};
		6AD8F3D019AD104A00FB466A /* Resources */ = {
			isa = PBXResourcesBuildPhase;
			buildActionMask = 2147483647;
			files = (
			);
			runOnlyForDeploymentPostprocessing = 0;
		};
/* End PBXResourcesBuildPhase section */

/* Begin PBXShellScriptBuildPhase section */
		DD3B145EF35246A2A62E7146 /* Check Pods Manifest.lock */ = {
			isa = PBXShellScriptBuildPhase;
			buildActionMask = 2147483647;
			files = (
			);
			inputPaths = (
			);
			name = "Check Pods Manifest.lock";
			outputPaths = (
			);
			runOnlyForDeploymentPostprocessing = 0;
			shellPath = /bin/sh;
			shellScript = "diff \"${PODS_ROOT}/../Podfile.lock\" \"${PODS_ROOT}/Manifest.lock\" > /dev/null\nif [[ $? != 0 ]] ; then\n    cat << EOM\nerror: The sandbox is not in sync with the Podfile.lock. Run 'pod install' or update your CocoaPods installation.\nEOM\n    exit 1\nfi\n";
			showEnvVarsInLog = 0;
		};
		E2DAA7FCB1DA4044B45E1BEA /* Copy Pods Resources */ = {
			isa = PBXShellScriptBuildPhase;
			buildActionMask = 2147483647;
			files = (
			);
			inputPaths = (
			);
			name = "Copy Pods Resources";
			outputPaths = (
			);
			runOnlyForDeploymentPostprocessing = 0;
			shellPath = /bin/sh;
			shellScript = "\"${SRCROOT}/Pods/Pods-Location Example-resources.sh\"\n";
			showEnvVarsInLog = 0;
		};
/* End PBXShellScriptBuildPhase section */

/* Begin PBXSourcesBuildPhase section */
		6AD8F3BC19AD104900FB466A /* Sources */ = {
			isa = PBXSourcesBuildPhase;
			buildActionMask = 2147483647;
			files = (
				6AD8F3C819AD104900FB466A /* ViewController.swift in Sources */,
				6AD8F3C619AD104900FB466A /* AppDelegate.swift in Sources */,
			);
			runOnlyForDeploymentPostprocessing = 0;
		};
		6AD8F3CE19AD104A00FB466A /* Sources */ = {
			isa = PBXSourcesBuildPhase;
			buildActionMask = 2147483647;
			files = (
				6AD8F3D919AD104A00FB466A /* Location_ExampleTests.swift in Sources */,
			);
			runOnlyForDeploymentPostprocessing = 0;
		};
/* End PBXSourcesBuildPhase section */

/* Begin PBXTargetDependency section */
		6AD8F3D419AD104A00FB466A /* PBXTargetDependency */ = {
			isa = PBXTargetDependency;
			target = 6AD8F3BF19AD104900FB466A /* Location Example */;
			targetProxy = 6AD8F3D319AD104A00FB466A /* PBXContainerItemProxy */;
		};
/* End PBXTargetDependency section */

/* Begin PBXVariantGroup section */
		6AD8F3C919AD104900FB466A /* Main.storyboard */ = {
			isa = PBXVariantGroup;
			children = (
				6AD8F3CA19AD104900FB466A /* Base */,
			);
			name = Main.storyboard;
			sourceTree = "<group>";
		};
/* End PBXVariantGroup section */

/* Begin XCBuildConfiguration section */
		6AD8F3DA19AD104A00FB466A /* Debug */ = {
			isa = XCBuildConfiguration;
			buildSettings = {
				ALWAYS_SEARCH_USER_PATHS = NO;
				CLANG_CXX_LANGUAGE_STANDARD = "gnu++0x";
				CLANG_CXX_LIBRARY = "libc++";
				CLANG_ENABLE_MODULES = YES;
				CLANG_ENABLE_OBJC_ARC = YES;
				CLANG_WARN_BOOL_CONVERSION = YES;
				CLANG_WARN_CONSTANT_CONVERSION = YES;
				CLANG_WARN_DIRECT_OBJC_ISA_USAGE = YES_ERROR;
				CLANG_WARN_EMPTY_BODY = YES;
				CLANG_WARN_ENUM_CONVERSION = YES;
				CLANG_WARN_INT_CONVERSION = YES;
				CLANG_WARN_OBJC_ROOT_CLASS = YES_ERROR;
				CLANG_WARN_UNREACHABLE_CODE = YES;
				CLANG_WARN__DUPLICATE_METHOD_MATCH = YES;
				"CODE_SIGN_IDENTITY[sdk=iphoneos*]" = "iPhone Developer";
				COPY_PHASE_STRIP = NO;
				ENABLE_STRICT_OBJC_MSGSEND = YES;
				GCC_C_LANGUAGE_STANDARD = gnu99;
				GCC_DYNAMIC_NO_PIC = NO;
				GCC_OPTIMIZATION_LEVEL = 0;
				GCC_PREPROCESSOR_DEFINITIONS = (
					"DEBUG=1",
					"$(inherited)",
				);
				GCC_SYMBOLS_PRIVATE_EXTERN = NO;
				GCC_WARN_64_TO_32_BIT_CONVERSION = YES;
				GCC_WARN_ABOUT_RETURN_TYPE = YES_ERROR;
				GCC_WARN_UNDECLARED_SELECTOR = YES;
				GCC_WARN_UNINITIALIZED_AUTOS = YES_AGGRESSIVE;
				GCC_WARN_UNUSED_FUNCTION = YES;
				GCC_WARN_UNUSED_VARIABLE = YES;
				IPHONEOS_DEPLOYMENT_TARGET = 8.0;
				METAL_ENABLE_DEBUG_INFO = YES;
				ONLY_ACTIVE_ARCH = YES;
				SDKROOT = iphoneos;
				SWIFT_OPTIMIZATION_LEVEL = "-Onone";
			};
			name = Debug;
		};
		6AD8F3DB19AD104A00FB466A /* Release */ = {
			isa = XCBuildConfiguration;
			buildSettings = {
				ALWAYS_SEARCH_USER_PATHS = NO;
				CLANG_CXX_LANGUAGE_STANDARD = "gnu++0x";
				CLANG_CXX_LIBRARY = "libc++";
				CLANG_ENABLE_MODULES = YES;
				CLANG_ENABLE_OBJC_ARC = YES;
				CLANG_WARN_BOOL_CONVERSION = YES;
				CLANG_WARN_CONSTANT_CONVERSION = YES;
				CLANG_WARN_DIRECT_OBJC_ISA_USAGE = YES_ERROR;
				CLANG_WARN_EMPTY_BODY = YES;
				CLANG_WARN_ENUM_CONVERSION = YES;
				CLANG_WARN_INT_CONVERSION = YES;
				CLANG_WARN_OBJC_ROOT_CLASS = YES_ERROR;
				CLANG_WARN_UNREACHABLE_CODE = YES;
				CLANG_WARN__DUPLICATE_METHOD_MATCH = YES;
				"CODE_SIGN_IDENTITY[sdk=iphoneos*]" = "iPhone Developer";
				COPY_PHASE_STRIP = YES;
				ENABLE_NS_ASSERTIONS = NO;
				ENABLE_STRICT_OBJC_MSGSEND = YES;
				GCC_C_LANGUAGE_STANDARD = gnu99;
				GCC_WARN_64_TO_32_BIT_CONVERSION = YES;
				GCC_WARN_ABOUT_RETURN_TYPE = YES_ERROR;
				GCC_WARN_UNDECLARED_SELECTOR = YES;
				GCC_WARN_UNINITIALIZED_AUTOS = YES_AGGRESSIVE;
				GCC_WARN_UNUSED_FUNCTION = YES;
				GCC_WARN_UNUSED_VARIABLE = YES;
				IPHONEOS_DEPLOYMENT_TARGET = 8.0;
				METAL_ENABLE_DEBUG_INFO = NO;
				SDKROOT = iphoneos;
				VALIDATE_PRODUCT = YES;
			};
			name = Release;
		};
		6AD8F3DD19AD104A00FB466A /* Debug */ = {
			isa = XCBuildConfiguration;
			baseConfigurationReference = B4FCD4BF20904B9B8C20DD5A /* Pods-Location Example.xcconfig */;
			buildSettings = {
				ASSETCATALOG_COMPILER_APPICON_NAME = AppIcon;
				ASSETCATALOG_COMPILER_LAUNCHIMAGE_NAME = LaunchImage;
				INFOPLIST_FILE = "Location Example/Info.plist";
				LD_RUNPATH_SEARCH_PATHS = "$(inherited) @executable_path/Frameworks";
				PRODUCT_NAME = "$(TARGET_NAME)";
				SWIFT_OBJC_BRIDGING_HEADER = "Location Example/bridge.h";
			};
			name = Debug;
		};
		6AD8F3DE19AD104A00FB466A /* Release */ = {
			isa = XCBuildConfiguration;
			baseConfigurationReference = B4FCD4BF20904B9B8C20DD5A /* Pods-Location Example.xcconfig */;
			buildSettings = {
				ASSETCATALOG_COMPILER_APPICON_NAME = AppIcon;
				ASSETCATALOG_COMPILER_LAUNCHIMAGE_NAME = LaunchImage;
				INFOPLIST_FILE = "Location Example/Info.plist";
				LD_RUNPATH_SEARCH_PATHS = "$(inherited) @executable_path/Frameworks";
				PRODUCT_NAME = "$(TARGET_NAME)";
				SWIFT_OBJC_BRIDGING_HEADER = "Location Example/bridge.h";
			};
			name = Release;
		};
		6AD8F3E019AD104A00FB466A /* Debug */ = {
			isa = XCBuildConfiguration;
			buildSettings = {
				BUNDLE_LOADER = "$(BUILT_PRODUCTS_DIR)/Location Example.app/Location Example";
				FRAMEWORK_SEARCH_PATHS = (
					"$(SDKROOT)/Developer/Library/Frameworks",
					"$(inherited)",
				);
				GCC_PREPROCESSOR_DEFINITIONS = (
					"DEBUG=1",
					"$(inherited)",
				);
				INFOPLIST_FILE = "Location ExampleTests/Info.plist";
				LD_RUNPATH_SEARCH_PATHS = "$(inherited) @executable_path/Frameworks @loader_path/Frameworks";
				METAL_ENABLE_DEBUG_INFO = YES;
				PRODUCT_NAME = "$(TARGET_NAME)";
				TEST_HOST = "$(BUNDLE_LOADER)";
			};
			name = Debug;
		};
		6AD8F3E119AD104A00FB466A /* Release */ = {
			isa = XCBuildConfiguration;
			buildSettings = {
				BUNDLE_LOADER = "$(BUILT_PRODUCTS_DIR)/Location Example.app/Location Example";
				FRAMEWORK_SEARCH_PATHS = (
					"$(SDKROOT)/Developer/Library/Frameworks",
					"$(inherited)",
				);
				INFOPLIST_FILE = "Location ExampleTests/Info.plist";
				LD_RUNPATH_SEARCH_PATHS = "$(inherited) @executable_path/Frameworks @loader_path/Frameworks";
				METAL_ENABLE_DEBUG_INFO = NO;
				PRODUCT_NAME = "$(TARGET_NAME)";
				TEST_HOST = "$(BUNDLE_LOADER)";
			};
			name = Release;
		};
/* End XCBuildConfiguration section */

/* Begin XCConfigurationList section */
		6AD8F3BB19AD104800FB466A /* Build configuration list for PBXProject "Location Example" */ = {
			isa = XCConfigurationList;
			buildConfigurations = (
				6AD8F3DA19AD104A00FB466A /* Debug */,
				6AD8F3DB19AD104A00FB466A /* Release */,
			);
			defaultConfigurationIsVisible = 0;
			defaultConfigurationName = Release;
		};
		6AD8F3DC19AD104A00FB466A /* Build configuration list for PBXNativeTarget "Location Example" */ = {
			isa = XCConfigurationList;
			buildConfigurations = (
				6AD8F3DD19AD104A00FB466A /* Debug */,
				6AD8F3DE19AD104A00FB466A /* Release */,
			);
			defaultConfigurationIsVisible = 0;
			defaultConfigurationName = Release;
		};
		6AD8F3DF19AD104A00FB466A /* Build configuration list for PBXNativeTarget "Location ExampleTests" */ = {
			isa = XCConfigurationList;
			buildConfigurations = (
				6AD8F3E019AD104A00FB466A /* Debug */,
				6AD8F3E119AD104A00FB466A /* Release */,
			);
			defaultConfigurationIsVisible = 0;
			defaultConfigurationName = Release;
		};
/* End XCConfigurationList section */
	};
	rootObject = 6AD8F3B819AD104800FB466A /* Project object */;
}
